
Microsoft Visual Studio Solution File, Format Version 12.00
# Visual Studio Version 16
VisualStudioVersion = 16.0.31624.102
MinimumVisualStudioVersion = 10.0.40219.1
Project("{FAE04EC0-301F-11D3-BF4B-00C04F79EFBC}") = "Gissa Numret", "Gissa Numret\Gissa Numret.csproj", "{3FBB2D4E-CBD1-4762-9195-E4A4963D0914}"
EndProject
Global
	GlobalSection(SolutionConfigurationPlatforms) = preSolution
		Debug|Any CPU = Debug|Any CPU
		Release|Any CPU = Release|Any CPU
	EndGlobalSection
	GlobalSection(ProjectConfigurationPlatforms) = postSolution
		{3FBB2D4E-CBD1-4762-9195-E4A4963D0914}.Debug|Any CPU.ActiveCfg = Debug|Any CPU
		{3FBB2D4E-CBD1-4762-9195-E4A4963D0914}.Debug|Any CPU.Build.0 = Debug|Any CPU
		{3FBB2D4E-CBD1-4762-9195-E4A4963D0914}.Release|Any CPU.ActiveCfg = Release|Any CPU
		{3FBB2D4E-CBD1-4762-9195-E4A4963D0914}.Release|Any CPU.Build.0 = Release|Any CPU
	EndGlobalSection
	GlobalSection(SolutionProperties) = preSolution
		HideSolutionNode = FALSE
	EndGlobalSection
	GlobalSection(ExtensibilityGlobals) = postSolution
		SolutionGuid = {EBEAE685-B6EF-4466-9269-2AD4DFB3E93F}
	EndGlobalSection
EndGlobal
